
Microsoft Visual Studio Solution File, Format Version 12.00
Project("{FAE04EC0-301F-11D3-BF4B-00C04F79EFBC}") = "JapanHobbySite", "JapanHobbySite\JapanHobbySite.csproj", "{2A20917E-2F07-4D8B-A087-38130ECD4AEB}"
EndProject
Global
	GlobalSection(SolutionConfigurationPlatforms) = preSolution
		Debug|Any CPU = Debug|Any CPU
		Release|Any CPU = Release|Any CPU
	EndGlobalSection
	GlobalSection(ProjectConfigurationPlatforms) = postSolution
		{2A20917E-2F07-4D8B-A087-38130ECD4AEB}.Debug|Any CPU.ActiveCfg = Debug|Any CPU
		{2A20917E-2F07-4D8B-A087-38130ECD4AEB}.Debug|Any CPU.Build.0 = Debug|Any CPU
		{2A20917E-2F07-4D8B-A087-38130ECD4AEB}.Release|Any CPU.ActiveCfg = Release|Any CPU
		{2A20917E-2F07-4D8B-A087-38130ECD4AEB}.Release|Any CPU.Build.0 = Release|Any CPU
	EndGlobalSection
EndGlobal
